
Microsoft Visual Studio Solution File, Format Version 12.00
# Visual Studio Version 17
VisualStudioVersion = 17.4.33205.214
MinimumVisualStudioVersion = 10.0.40219.1
Project("{8BC9CEB8-8B4A-11D0-8D11-00A0C91BC942}") = "Editer_Window", "Editer_Window\Editer_Window.vcxproj", "{FE05D7C4-750B-47E2-9AB8-A0BCB1DAA3BE}"
	ProjectSection(ProjectDependencies) = postProject
		{D6C64D59-D11A-4A7A-B48A-CD12A8BA1E59} = {D6C64D59-D11A-4A7A-B48A-CD12A8BA1E59}
	EndProjectSection
EndProject
Project("{8BC9CEB8-8B4A-11D0-8D11-00A0C91BC942}") = "Editer_SOURCE", "Editer_SOURCE\Editer_SOURCE.vcxitems", "{E05CF1B2-7E0B-427F-8B1C-345786A99101}"
EndProject
Project("{8BC9CEB8-8B4A-11D0-8D11-00A0C91BC942}") = "Engine_SOURCE", "Engine_SOURCE\Engine_SOURCE.vcxitems", "{8A630EDA-13C3-41AE-BB4F-41122655DD2F}"
EndProject
Project("{8BC9CEB8-8B4A-11D0-8D11-00A0C91BC942}") = "Shader_SOURCE", "Shader_SOURCE\Shader_SOURCE.vcxitems", "{F0C6939D-18CF-4262-AD6D-644EB8BCE74E}"
EndProject
Project("{8BC9CEB8-8B4A-11D0-8D11-00A0C91BC942}") = "GameEngine", "GameEngine\GameEngine.vcxproj", "{D6C64D59-D11A-4A7A-B48A-CD12A8BA1E59}"
EndProject
Global
	GlobalSection(SolutionConfigurationPlatforms) = preSolution
		Debug|x64 = Debug|x64
		Debug|x86 = Debug|x86
		Release|x64 = Release|x64
		Release|x86 = Release|x86
	EndGlobalSection
	GlobalSection(ProjectConfigurationPlatforms) = postSolution
		{FE05D7C4-750B-47E2-9AB8-A0BCB1DAA3BE}.Debug|x64.ActiveCfg = Debug|x64
		{FE05D7C4-750B-47E2-9AB8-A0BCB1DAA3BE}.Debug|x64.Build.0 = Debug|x64
		{FE05D7C4-750B-47E2-9AB8-A0BCB1DAA3BE}.Debug|x86.ActiveCfg = Debug|Win32
		{FE05D7C4-750B-47E2-9AB8-A0BCB1DAA3BE}.Debug|x86.Build.0 = Debug|Win32
		{FE05D7C4-750B-47E2-9AB8-A0BCB1DAA3BE}.Release|x64.ActiveCfg = Release|x64
		{FE05D7C4-750B-47E2-9AB8-A0BCB1DAA3BE}.Release|x64.Build.0 = Release|x64
		{FE05D7C4-750B-47E2-9AB8-A0BCB1DAA3BE}.Release|x86.ActiveCfg = Release|Win32
		{FE05D7C4-750B-47E2-9AB8-A0BCB1DAA3BE}.Release|x86.Build.0 = Release|Win32
		{D6C64D59-D11A-4A7A-B48A-CD12A8BA1E59}.Debug|x64.ActiveCfg = Debug|x64
		{D6C64D59-D11A-4A7A-B48A-CD12A8BA1E59}.Debug|x64.Build.0 = Debug|x64
		{D6C64D59-D11A-4A7A-B48A-CD12A8BA1E59}.Debug|x86.ActiveCfg = Debug|Win32
		{D6C64D59-D11A-4A7A-B48A-CD12A8BA1E59}.Debug|x86.Build.0 = Debug|Win32
		{D6C64D59-D11A-4A7A-B48A-CD12A8BA1E59}.Release|x64.ActiveCfg = Release|x64
		{D6C64D59-D11A-4A7A-B48A-CD12A8BA1E59}.Release|x64.Build.0 = Release|x64
		{D6C64D59-D11A-4A7A-B48A-CD12A8BA1E59}.Release|x86.ActiveCfg = Release|Win32
		{D6C64D59-D11A-4A7A-B48A-CD12A8BA1E59}.Release|x86.Build.0 = Release|Win32
	EndGlobalSection
	GlobalSection(SolutionProperties) = preSolution
		HideSolutionNode = FALSE
	EndGlobalSection
	GlobalSection(ExtensibilityGlobals) = postSolution
		SolutionGuid = {D631F062-4AB9-488E-8790-DB046F21A1D1}
	EndGlobalSection
	GlobalSection(SharedMSBuildProjectFiles) = preSolution
		Engine_SOURCE\Engine_SOURCE.vcxitems*{8a630eda-13c3-41ae-bb4f-41122655dd2f}*SharedItemsImports = 9
		Engine_SOURCE\Engine_SOURCE.vcxitems*{d6c64d59-d11a-4a7a-b48a-cd12a8ba1e59}*SharedItemsImports = 4
		Editer_SOURCE\Editer_SOURCE.vcxitems*{e05cf1b2-7e0b-427f-8b1c-345786a99101}*SharedItemsImports = 9
		Shader_SOURCE\Shader_SOURCE.vcxitems*{f0c6939d-18cf-4262-ad6d-644eb8bce74e}*SharedItemsImports = 9
		Editer_SOURCE\Editer_SOURCE.vcxitems*{fe05d7c4-750b-47e2-9ab8-a0bcb1daa3be}*SharedItemsImports = 4
	EndGlobalSection
EndGlobal
