<?xml version="1.0" encoding="utf-8"?>
<Project ToolsVersion="4.0" xmlns="http://schemas.microsoft.com/developer/msbuild/2003">
  <ItemGroup>
    <Filter Include="Contents">
      <UniqueIdentifier>{e340661e-48a5-4afe-a342-ddd1339c4ea7}</UniqueIdentifier>
    </Filter>
    <Filter Include="Contents\Load">
      <UniqueIdentifier>{d4ef4845-01c7-43d2-8457-2d5b722d1203}</UniqueIdentifier>
    </Filter>
    <Filter Include="Contents\Scene">
      <UniqueIdentifier>{2044e947-da18-42cb-bce2-1790f2007458}</UniqueIdentifier>
    </Filter>
    <Filter Include="Contents\Script">
      <UniqueIdentifier>{9c495874-19c8-449e-a5d4-686b61773847}</UniqueIdentifier>
    </Filter>
    <Filter Include="Contents\Scene\PureVessel_Scene">
      <UniqueIdentifier>{b8377682-79ec-49aa-94cd-a8a05c94739c}</UniqueIdentifier>
    </Filter>
    <Filter Include="Contents\Scene\Grimm_Scene">
      <UniqueIdentifier>{a84c1a4e-de18-47bf-adb4-5396c3e7bdd9}</UniqueIdentifier>
    </Filter>
    <Filter Include="Contents\Scene\TitleScene">
      <UniqueIdentifier>{9d6e9113-6d08-4667-9e0a-95ba74b3d9ef}</UniqueIdentifier>
    </Filter>
    <Filter Include="Contents\Script\Boss">
      <UniqueIdentifier>{6f67b03a-989d-4ccf-8758-36f5b4f1addd}</UniqueIdentifier>
    </Filter>
    <Filter Include="Contents\Script\Player">
      <UniqueIdentifier>{b759d439-57d0-4378-ab89-0d626304614f}</UniqueIdentifier>
    </Filter>
    <Filter Include="Contents\Scene\Test">
      <UniqueIdentifier>{29c51dcb-a791-45b3-ad35-a58124322ea2}</UniqueIdentifier>
    </Filter>
    <Filter Include="Contents\Script\Ground1">
      <UniqueIdentifier>{9d747251-c8ee-4950-b687-de149d5586e5}</UniqueIdentifier>
    </Filter>
    <Filter Include="Contents\Script\Player\Effect">
      <UniqueIdentifier>{10d3d30b-c049-4b15-8d71-db2400b8d2cf}</UniqueIdentifier>
    </Filter>
    <Filter Include="Contents\Script\Player\PlayerScript">
      <UniqueIdentifier>{4c0e0106-e6ab-4df1-aaba-95d2879858cc}</UniqueIdentifier>
    </Filter>
    <Filter Include="Contents\Object">
      <UniqueIdentifier>{38ba7675-2af4-4b9f-9194-a059e88ce44e}</UniqueIdentifier>
    </Filter>
    <Filter Include="Contents\Object\Player">
      <UniqueIdentifier>{5951aaba-c676-4ac4-a117-474d57ed39b1}</UniqueIdentifier>
    </Filter>
    <Filter Include="Contents\Object\Grimm">
      <UniqueIdentifier>{660d94bb-5cce-4125-92aa-66ca3a21c5dc}</UniqueIdentifier>
    </Filter>
    <Filter Include="Contents\Object\Grimm\Gimm_Skill_Object">
      <UniqueIdentifier>{cc152a27-8b42-42f9-a108-800220d43d2e}</UniqueIdentifier>
    </Filter>
  </ItemGroup>
  <ItemGroup>
    <ClInclude Include="framework.h" />
    <ClInclude Include="LoadScene.h">
      <Filter>Contents\Load</Filter>
    </ClInclude>
    <ClInclude Include="..\Engine_SOURCE\kmCameraScript.h">
      <Filter>Contents\Script</Filter>
    </ClInclude>
    <ClInclude Include="Boss_PureVessel_Stage.h">
      <Filter>Contents\Scene\PureVessel_Scene</Filter>
    </ClInclude>
    <ClInclude Include="kmBoss_Grimm_Stage.h">
      <Filter>Contents\Scene\Grimm_Scene</Filter>
    </ClInclude>
    <ClInclude Include="kmTitleScene.h">
      <Filter>Contents\Scene\TitleScene</Filter>
    </ClInclude>
    <ClInclude Include="kmGodhome.h">
      <Filter>Contents\Scene\PureVessel_Scene</Filter>
    </ClInclude>
    <ClInclude Include="kmDirtmouth.h">
      <Filter>Contents\Scene\Grimm_Scene</Filter>
    </ClInclude>
    <ClInclude Include="kmGridScript.h">
      <Filter>Contents\Script</Filter>
    </ClInclude>
    <ClInclude Include="kmPureVesselScript.h">
      <Filter>Contents\Script\Boss</Filter>
    </ClInclude>
    <ClInclude Include="kmGrimmScript.h">
      <Filter>Contents\Script\Boss</Filter>
    </ClInclude>
    <ClInclude Include="kmPlayScene.h">
      <Filter>Contents\Scene\Test</Filter>
    </ClInclude>
    <ClInclude Include="kmGroundScript.h">
      <Filter>Contents\Script\Ground1</Filter>
    </ClInclude>
    <ClInclude Include="kmPlayerEffet.h">
      <Filter>Contents\Script\Player\Effect</Filter>
    </ClInclude>
    <ClInclude Include="kmPlayerScript.h">
      <Filter>Contents\Script\Player\PlayerScript</Filter>
    </ClInclude>
    <ClInclude Include="resource.h" />
    <ClInclude Include="kmPlayer.h">
      <Filter>Contents\Object\Player</Filter>
    </ClInclude>
    <ClInclude Include="kmGrimm.h">
      <Filter>Contents\Object\Grimm</Filter>
    </ClInclude>
    <ClInclude Include="kmSpike_Object.h" />
  </ItemGroup>
  <ItemGroup>
    <ClCompile Include="GameEngine.cpp" />
    <ClCompile Include="..\Engine_SOURCE\kmCameraScript.cpp">
      <Filter>Contents\Script</Filter>
    </ClCompile>
    <ClCompile Include="Boss_PureVessel_Stage.cpp">
      <Filter>Contents\Scene\PureVessel_Scene</Filter>
    </ClCompile>
    <ClCompile Include="kmBoss_Grimm_Stage.cpp">
      <Filter>Contents\Scene\Grimm_Scene</Filter>
    </ClCompile>
    <ClCompile Include="kmTitleScene.cpp">
      <Filter>Contents\Scene\TitleScene</Filter>
    </ClCompile>
    <ClCompile Include="kmGodhome.cpp">
      <Filter>Contents\Scene\PureVessel_Scene</Filter>
    </ClCompile>
    <ClCompile Include="kmDirtmouth.cpp">
      <Filter>Contents\Scene\Grimm_Scene</Filter>
    </ClCompile>
    <ClCompile Include="kmGridScript.cpp">
      <Filter>Contents\Script</Filter>
    </ClCompile>
    <ClCompile Include="kmPureVesselScript.cpp">
      <Filter>Contents\Script\Boss</Filter>
    </ClCompile>
    <ClCompile Include="kmGrimmScript.cpp">
      <Filter>Contents\Script\Boss</Filter>
    </ClCompile>
    <ClCompile Include="kmPlayScene.cpp">
      <Filter>Contents\Scene\Test</Filter>
    </ClCompile>
    <ClCompile Include="kmGroundScript.cpp">
      <Filter>Contents\Script\Ground1</Filter>
    </ClCompile>
    <ClCompile Include="kmPlayerEffet.cpp">
      <Filter>Contents\Script\Player\Effect</Filter>
    </ClCompile>
    <ClCompile Include="kmPlayerScript.cpp">
      <Filter>Contents\Script\Player\PlayerScript</Filter>
    </ClCompile>
    <ClCompile Include="kmPlayer.cpp">
      <Filter>Contents\Object\Player</Filter>
    </ClCompile>
    <ClCompile Include="kmGrimm.cpp">
      <Filter>Contents\Object\Grimm</Filter>
    </ClCompile>
    <ClCompile Include="kmSpike_Object.cpp" />
  </ItemGroup>
  <ItemGroup>
    <ResourceCompile Include="GameEngine.rc" />
  </ItemGroup>
</Project>